
Microsoft Visual Studio Solution File, Format Version 12.00
# Visual Studio Version 16
VisualStudioVersion = 16.0.32407.337
MinimumVisualStudioVersion = 10.0.40219.1
Project("{FAE04EC0-301F-11D3-BF4B-00C04F79EFBC}") = "8PuzzleGame", "8PuzzleGame\8PuzzleGame.csproj", "{A454C663-6903-43C2-992F-8E8B54935304}"
EndProject
Global
	GlobalSection(SolutionConfigurationPlatforms) = preSolution
		Debug|Any CPU = Debug|Any CPU
		Release|Any CPU = Release|Any CPU
	EndGlobalSection
	GlobalSection(ProjectConfigurationPlatforms) = postSolution
		{A454C663-6903-43C2-992F-8E8B54935304}.Debug|Any CPU.ActiveCfg = Debug|Any CPU
		{A454C663-6903-43C2-992F-8E8B54935304}.Debug|Any CPU.Build.0 = Debug|Any CPU
		{A454C663-6903-43C2-992F-8E8B54935304}.Release|Any CPU.ActiveCfg = Release|Any CPU
		{A454C663-6903-43C2-992F-8E8B54935304}.Release|Any CPU.Build.0 = Release|Any CPU
	EndGlobalSection
	GlobalSection(SolutionProperties) = preSolution
		HideSolutionNode = FALSE
	EndGlobalSection
	GlobalSection(ExtensibilityGlobals) = postSolution
		SolutionGuid = {19DA95C5-4A8B-48AC-87EF-098630E2B0D2}
	EndGlobalSection
EndGlobal
